// !$*UTF8*$!
{
	archiveVersion = 1;
	classes = {
	};
	objectVersion = 56;
	objects = {

/* Begin PBXBuildFile section */
		271129122C73EF2800191CBC /* eShop__FireBase_App.swift in Sources */ = {isa = PBXBuildFile; fileRef = 271129112C73EF2800191CBC /* eShop__FireBase_App.swift */; };
		271129142C73EF2800191CBC /* ContentView.swift in Sources */ = {isa = PBXBuildFile; fileRef = 271129132C73EF2800191CBC /* ContentView.swift */; };
		271129162C73EF2A00191CBC /* Assets.xcassets in Resources */ = {isa = PBXBuildFile; fileRef = 271129152C73EF2A00191CBC /* Assets.xcassets */; };
		271129192C73EF2A00191CBC /* Preview Assets.xcassets in Resources */ = {isa = PBXBuildFile; fileRef = 271129182C73EF2A00191CBC /* Preview Assets.xcassets */; };
		271129232C73F00A00191CBC /* GoogleService-Info.plist in Resources */ = {isa = PBXBuildFile; fileRef = 271129222C73F00A00191CBC /* GoogleService-Info.plist */; };
		276C00F32C74CFFC00A0E788 /* FirebaseAnalytics in Frameworks */ = {isa = PBXBuildFile; productRef = 276C00F22C74CFFC00A0E788 /* FirebaseAnalytics */; };
		276C00F52C74CFFC00A0E788 /* FirebaseAnalyticsOnDeviceConversion in Frameworks */ = {isa = PBXBuildFile; productRef = 276C00F42C74CFFC00A0E788 /* FirebaseAnalyticsOnDeviceConversion */; };
		276C00F72C74CFFC00A0E788 /* FirebaseAnalyticsWithoutAdIdSupport in Frameworks */ = {isa = PBXBuildFile; productRef = 276C00F62C74CFFC00A0E788 /* FirebaseAnalyticsWithoutAdIdSupport */; };
		276C00F92C74CFFC00A0E788 /* FirebaseAppCheck in Frameworks */ = {isa = PBXBuildFile; productRef = 276C00F82C74CFFC00A0E788 /* FirebaseAppCheck */; };
		276C00FB2C74CFFC00A0E788 /* FirebaseAppDistribution-Beta in Frameworks */ = {isa = PBXBuildFile; productRef = 276C00FA2C74CFFC00A0E788 /* FirebaseAppDistribution-Beta */; };
		276C00FD2C74CFFC00A0E788 /* FirebaseAuth in Frameworks */ = {isa = PBXBuildFile; productRef = 276C00FC2C74CFFC00A0E788 /* FirebaseAuth */; };
		276C00FF2C74CFFC00A0E788 /* FirebaseAuthCombine-Community in Frameworks */ = {isa = PBXBuildFile; productRef = 276C00FE2C74CFFC00A0E788 /* FirebaseAuthCombine-Community */; };
		276C01012C74CFFC00A0E788 /* FirebaseCrashlytics in Frameworks */ = {isa = PBXBuildFile; productRef = 276C01002C74CFFC00A0E788 /* FirebaseCrashlytics */; };
		276C01032C74CFFC00A0E788 /* FirebaseDatabase in Frameworks */ = {isa = PBXBuildFile; productRef = 276C01022C74CFFC00A0E788 /* FirebaseDatabase */; };
		276C01052C74CFFC00A0E788 /* FirebaseDynamicLinks in Frameworks */ = {isa = PBXBuildFile; productRef = 276C01042C74CFFC00A0E788 /* FirebaseDynamicLinks */; };
		276C01072C74CFFC00A0E788 /* FirebaseFirestore in Frameworks */ = {isa = PBXBuildFile; productRef = 276C01062C74CFFC00A0E788 /* FirebaseFirestore */; };
		276C01092C74CFFC00A0E788 /* FirebaseFirestoreCombine-Community in Frameworks */ = {isa = PBXBuildFile; productRef = 276C01082C74CFFC00A0E788 /* FirebaseFirestoreCombine-Community */; };
		276C010B2C74CFFC00A0E788 /* FirebaseFunctions in Frameworks */ = {isa = PBXBuildFile; productRef = 276C010A2C74CFFC00A0E788 /* FirebaseFunctions */; };
		276C010D2C74CFFC00A0E788 /* FirebaseFunctionsCombine-Community in Frameworks */ = {isa = PBXBuildFile; productRef = 276C010C2C74CFFC00A0E788 /* FirebaseFunctionsCombine-Community */; };
		276C010F2C74CFFC00A0E788 /* FirebaseInAppMessaging-Beta in Frameworks */ = {isa = PBXBuildFile; productRef = 276C010E2C74CFFC00A0E788 /* FirebaseInAppMessaging-Beta */; };
		276C01112C74CFFC00A0E788 /* FirebaseInstallations in Frameworks */ = {isa = PBXBuildFile; productRef = 276C01102C74CFFC00A0E788 /* FirebaseInstallations */; };
		276C01132C74CFFC00A0E788 /* FirebaseMLModelDownloader in Frameworks */ = {isa = PBXBuildFile; productRef = 276C01122C74CFFC00A0E788 /* FirebaseMLModelDownloader */; };
		276C01152C74CFFC00A0E788 /* FirebaseMessaging in Frameworks */ = {isa = PBXBuildFile; productRef = 276C01142C74CFFC00A0E788 /* FirebaseMessaging */; };
		276C01172C74CFFC00A0E788 /* FirebasePerformance in Frameworks */ = {isa = PBXBuildFile; productRef = 276C01162C74CFFC00A0E788 /* FirebasePerformance */; };
		276C01192C74CFFC00A0E788 /* FirebaseRemoteConfig in Frameworks */ = {isa = PBXBuildFile; productRef = 276C01182C74CFFC00A0E788 /* FirebaseRemoteConfig */; };
		276C011B2C74CFFC00A0E788 /* FirebaseStorage in Frameworks */ = {isa = PBXBuildFile; productRef = 276C011A2C74CFFC00A0E788 /* FirebaseStorage */; };
		276C011D2C74CFFC00A0E788 /* FirebaseStorageCombine-Community in Frameworks */ = {isa = PBXBuildFile; productRef = 276C011C2C74CFFC00A0E788 /* FirebaseStorageCombine-Community */; };
/* End PBXBuildFile section */

/* Begin PBXFileReference section */
		2711290E2C73EF2800191CBC /* eShop (FireBase).app */ = {isa = PBXFileReference; explicitFileType = wrapper.application; includeInIndex = 0; path = "eShop (FireBase).app"; sourceTree = BUILT_PRODUCTS_DIR; };
		271129112C73EF2800191CBC /* eShop__FireBase_App.swift */ = {isa = PBXFileReference; lastKnownFileType = sourcecode.swift; path = eShop__FireBase_App.swift; sourceTree = "<group>"; };
		271129132C73EF2800191CBC /* ContentView.swift */ = {isa = PBXFileReference; lastKnownFileType = sourcecode.swift; path = ContentView.swift; sourceTree = "<group>"; };
		271129152C73EF2A00191CBC /* Assets.xcassets */ = {isa = PBXFileReference; lastKnownFileType = folder.assetcatalog; path = Assets.xcassets; sourceTree = "<group>"; };
		271129182C73EF2A00191CBC /* Preview Assets.xcassets */ = {isa = PBXFileReference; lastKnownFileType = folder.assetcatalog; path = "Preview Assets.xcassets"; sourceTree = "<group>"; };
		271129222C73F00A00191CBC /* GoogleService-Info.plist */ = {isa = PBXFileReference; fileEncoding = 4; lastKnownFileType = text.plist.xml; path = "GoogleService-Info.plist"; sourceTree = "<group>"; };
		276C011E2C74D01C00A0E788 /* ReadME.md */ = {isa = PBXFileReference; lastKnownFileType = net.daringfireball.markdown; path = ReadME.md; sourceTree = "<group>"; };
/* End PBXFileReference section */

/* Begin PBXFrameworksBuildPhase section */
		2711290B2C73EF2800191CBC /* Frameworks */ = {
			isa = PBXFrameworksBuildPhase;
			buildActionMask = 2147483647;
			files = (
				276C011D2C74CFFC00A0E788 /* FirebaseStorageCombine-Community in Frameworks */,
				276C01152C74CFFC00A0E788 /* FirebaseMessaging in Frameworks */,
				276C01132C74CFFC00A0E788 /* FirebaseMLModelDownloader in Frameworks */,
				276C00F92C74CFFC00A0E788 /* FirebaseAppCheck in Frameworks */,
				276C00FD2C74CFFC00A0E788 /* FirebaseAuth in Frameworks */,
				276C00F32C74CFFC00A0E788 /* FirebaseAnalytics in Frameworks */,
				276C00FB2C74CFFC00A0E788 /* FirebaseAppDistribution-Beta in Frameworks */,
				276C00F72C74CFFC00A0E788 /* FirebaseAnalyticsWithoutAdIdSupport in Frameworks */,
				276C01012C74CFFC00A0E788 /* FirebaseCrashlytics in Frameworks */,
				276C01032C74CFFC00A0E788 /* FirebaseDatabase in Frameworks */,
				276C010D2C74CFFC00A0E788 /* FirebaseFunctionsCombine-Community in Frameworks */,
				276C00FF2C74CFFC00A0E788 /* FirebaseAuthCombine-Community in Frameworks */,
				276C011B2C74CFFC00A0E788 /* FirebaseStorage in Frameworks */,
				276C00F52C74CFFC00A0E788 /* FirebaseAnalyticsOnDeviceConversion in Frameworks */,
				276C010B2C74CFFC00A0E788 /* FirebaseFunctions in Frameworks */,
				276C01112C74CFFC00A0E788 /* FirebaseInstallations in Frameworks */,
				276C01172C74CFFC00A0E788 /* FirebasePerformance in Frameworks */,
				276C01092C74CFFC00A0E788 /* FirebaseFirestoreCombine-Community in Frameworks */,
				276C01072C74CFFC00A0E788 /* FirebaseFirestore in Frameworks */,
				276C01052C74CFFC00A0E788 /* FirebaseDynamicLinks in Frameworks */,
				276C010F2C74CFFC00A0E788 /* FirebaseInAppMessaging-Beta in Frameworks */,
				276C01192C74CFFC00A0E788 /* FirebaseRemoteConfig in Frameworks */,
			);
			runOnlyForDeploymentPostprocessing = 0;
		};
/* End PBXFrameworksBuildPhase section */

/* Begin PBXGroup section */
		271129052C73EF2800191CBC = {
			isa = PBXGroup;
			children = (
				271129102C73EF2800191CBC /* eShop (FireBase) */,
				2711290F2C73EF2800191CBC /* Products */,
			);
			sourceTree = "<group>";
		};
		2711290F2C73EF2800191CBC /* Products */ = {
			isa = PBXGroup;
			children = (
				2711290E2C73EF2800191CBC /* eShop (FireBase).app */,
			);
			name = Products;
			sourceTree = "<group>";
		};
		271129102C73EF2800191CBC /* eShop (FireBase) */ = {
			isa = PBXGroup;
			children = (
				271129112C73EF2800191CBC /* eShop__FireBase_App.swift */,
				271129132C73EF2800191CBC /* ContentView.swift */,
				2711291F2C73EF3400191CBC /* Model */,
				271129202C73EF3B00191CBC /* View */,
				271129212C73EF4200191CBC /* ViewModel */,
				271129152C73EF2A00191CBC /* Assets.xcassets */,
				271129222C73F00A00191CBC /* GoogleService-Info.plist */,
				271129172C73EF2A00191CBC /* Preview Content */,
				276C011E2C74D01C00A0E788 /* ReadME.md */,
			);
			path = "eShop (FireBase)";
			sourceTree = "<group>";
		};
		271129172C73EF2A00191CBC /* Preview Content */ = {
			isa = PBXGroup;
			children = (
				271129182C73EF2A00191CBC /* Preview Assets.xcassets */,
			);
			path = "Preview Content";
			sourceTree = "<group>";
		};
		2711291F2C73EF3400191CBC /* Model */ = {
			isa = PBXGroup;
			children = (
			);
			path = Model;
			sourceTree = "<group>";
		};
		271129202C73EF3B00191CBC /* View */ = {
			isa = PBXGroup;
			children = (
			);
			path = View;
			sourceTree = "<group>";
		};
		271129212C73EF4200191CBC /* ViewModel */ = {
			isa = PBXGroup;
			children = (
			);
			path = ViewModel;
			sourceTree = "<group>";
		};
/* End PBXGroup section */

/* Begin PBXNativeTarget section */
		2711290D2C73EF2800191CBC /* eShop (FireBase) */ = {
			isa = PBXNativeTarget;
			buildConfigurationList = 2711291C2C73EF2A00191CBC /* Build configuration list for PBXNativeTarget "eShop (FireBase)" */;
			buildPhases = (
				2711290A2C73EF2800191CBC /* Sources */,
				2711290B2C73EF2800191CBC /* Frameworks */,
				2711290C2C73EF2800191CBC /* Resources */,
			);
			buildRules = (
			);
			dependencies = (
			);
			name = "eShop (FireBase)";
			packageProductDependencies = (
				276C00F22C74CFFC00A0E788 /* FirebaseAnalytics */,
				276C00F42C74CFFC00A0E788 /* FirebaseAnalyticsOnDeviceConversion */,
				276C00F62C74CFFC00A0E788 /* FirebaseAnalyticsWithoutAdIdSupport */,
				276C00F82C74CFFC00A0E788 /* FirebaseAppCheck */,
				276C00FA2C74CFFC00A0E788 /* FirebaseAppDistribution-Beta */,
				276C00FC2C74CFFC00A0E788 /* FirebaseAuth */,
				276C00FE2C74CFFC00A0E788 /* FirebaseAuthCombine-Community */,
				276C01002C74CFFC00A0E788 /* FirebaseCrashlytics */,
				276C01022C74CFFC00A0E788 /* FirebaseDatabase */,
				276C01042C74CFFC00A0E788 /* FirebaseDynamicLinks */,
				276C01062C74CFFC00A0E788 /* FirebaseFirestore */,
				276C01082C74CFFC00A0E788 /* FirebaseFirestoreCombine-Community */,
				276C010A2C74CFFC00A0E788 /* FirebaseFunctions */,
				276C010C2C74CFFC00A0E788 /* FirebaseFunctionsCombine-Community */,
				276C010E2C74CFFC00A0E788 /* FirebaseInAppMessaging-Beta */,
				276C01102C74CFFC00A0E788 /* FirebaseInstallations */,
				276C01122C74CFFC00A0E788 /* FirebaseMLModelDownloader */,
				276C01142C74CFFC00A0E788 /* FirebaseMessaging */,
				276C01162C74CFFC00A0E788 /* FirebasePerformance */,
				276C01182C74CFFC00A0E788 /* FirebaseRemoteConfig */,
				276C011A2C74CFFC00A0E788 /* FirebaseStorage */,
				276C011C2C74CFFC00A0E788 /* FirebaseStorageCombine-Community */,
			);
			productName = "eShop (FireBase)";
			productReference = 2711290E2C73EF2800191CBC /* eShop (FireBase).app */;
			productType = "com.apple.product-type.application";
		};
/* End PBXNativeTarget section */

/* Begin PBXProject section */
		271129062C73EF2800191CBC /* Project object */ = {
			isa = PBXProject;
			attributes = {
				BuildIndependentTargetsInParallel = 1;
				LastSwiftUpdateCheck = 1530;
				LastUpgradeCheck = 1530;
				TargetAttributes = {
					2711290D2C73EF2800191CBC = {
						CreatedOnToolsVersion = 15.3;
					};
				};
			};
			buildConfigurationList = 271129092C73EF2800191CBC /* Build configuration list for PBXProject "eShop (FireBase)" */;
			compatibilityVersion = "Xcode 14.0";
			developmentRegion = en;
			hasScannedForEncodings = 0;
			knownRegions = (
				en,
				Base,
			);
			mainGroup = 271129052C73EF2800191CBC;
			packageReferences = (
				276C00F12C74CFFC00A0E788 /* XCRemoteSwiftPackageReference "firebase-ios-sdk" */,
			);
			productRefGroup = 2711290F2C73EF2800191CBC /* Products */;
			projectDirPath = "";
			projectRoot = "";
			targets = (
				2711290D2C73EF2800191CBC /* eShop (FireBase) */,
			);
		};
/* End PBXProject section */

/* Begin PBXResourcesBuildPhase section */
		2711290C2C73EF2800191CBC /* Resources */ = {
			isa = PBXResourcesBuildPhase;
			buildActionMask = 2147483647;
			files = (
				271129192C73EF2A00191CBC /* Preview Assets.xcassets in Resources */,
				271129162C73EF2A00191CBC /* Assets.xcassets in Resources */,
				271129232C73F00A00191CBC /* GoogleService-Info.plist in Resources */,
			);
			runOnlyForDeploymentPostprocessing = 0;
		};
/* End PBXResourcesBuildPhase section */

/* Begin PBXSourcesBuildPhase section */
		2711290A2C73EF2800191CBC /* Sources */ = {
			isa = PBXSourcesBuildPhase;
			buildActionMask = 2147483647;
			files = (
				271129142C73EF2800191CBC /* ContentView.swift in Sources */,
				271129122C73EF2800191CBC /* eShop__FireBase_App.swift in Sources */,
			);
			runOnlyForDeploymentPostprocessing = 0;
		};
/* End PBXSourcesBuildPhase section */

/* Begin XCBuildConfiguration section */
		2711291A2C73EF2A00191CBC /* Debug */ = {
			isa = XCBuildConfiguration;
			buildSettings = {
				ALWAYS_SEARCH_USER_PATHS = NO;
				ASSETCATALOG_COMPILER_GENERATE_SWIFT_ASSET_SYMBOL_EXTENSIONS = YES;
				CLANG_ANALYZER_NONNULL = YES;
				CLANG_ANALYZER_NUMBER_OBJECT_CONVERSION = YES_AGGRESSIVE;
				CLANG_CXX_LANGUAGE_STANDARD = "gnu++20";
				CLANG_ENABLE_MODULES = YES;
				CLANG_ENABLE_OBJC_ARC = YES;
				CLANG_ENABLE_OBJC_WEAK = YES;
				CLANG_WARN_BLOCK_CAPTURE_AUTORELEASING = YES;
				CLANG_WARN_BOOL_CONVERSION = YES;
				CLANG_WARN_COMMA = YES;
				CLANG_WARN_CONSTANT_CONVERSION = YES;
				CLANG_WARN_DEPRECATED_OBJC_IMPLEMENTATIONS = YES;
				CLANG_WARN_DIRECT_OBJC_ISA_USAGE = YES_ERROR;
				CLANG_WARN_DOCUMENTATION_COMMENTS = YES;
				CLANG_WARN_EMPTY_BODY = YES;
				CLANG_WARN_ENUM_CONVERSION = YES;
				CLANG_WARN_INFINITE_RECURSION = YES;
				CLANG_WARN_INT_CONVERSION = YES;
				CLANG_WARN_NON_LITERAL_NULL_CONVERSION = YES;
				CLANG_WARN_OBJC_IMPLICIT_RETAIN_SELF = YES;
				CLANG_WARN_OBJC_LITERAL_CONVERSION = YES;
				CLANG_WARN_OBJC_ROOT_CLASS = YES_ERROR;
				CLANG_WARN_QUOTED_INCLUDE_IN_FRAMEWORK_HEADER = YES;
				CLANG_WARN_RANGE_LOOP_ANALYSIS = YES;
				CLANG_WARN_STRICT_PROTOTYPES = YES;
				CLANG_WARN_SUSPICIOUS_MOVE = YES;
				CLANG_WARN_UNGUARDED_AVAILABILITY = YES_AGGRESSIVE;
				CLANG_WARN_UNREACHABLE_CODE = YES;
				CLANG_WARN__DUPLICATE_METHOD_MATCH = YES;
				COPY_PHASE_STRIP = NO;
				DEBUG_INFORMATION_FORMAT = dwarf;
				ENABLE_STRICT_OBJC_MSGSEND = YES;
				ENABLE_TESTABILITY = YES;
				ENABLE_USER_SCRIPT_SANDBOXING = YES;
				GCC_C_LANGUAGE_STANDARD = gnu17;
				GCC_DYNAMIC_NO_PIC = NO;
				GCC_NO_COMMON_BLOCKS = YES;
				GCC_OPTIMIZATION_LEVEL = 0;
				GCC_PREPROCESSOR_DEFINITIONS = (
					"DEBUG=1",
					"$(inherited)",
				);
				GCC_WARN_64_TO_32_BIT_CONVERSION = YES;
				GCC_WARN_ABOUT_RETURN_TYPE = YES_ERROR;
				GCC_WARN_UNDECLARED_SELECTOR = YES;
				GCC_WARN_UNINITIALIZED_AUTOS = YES_AGGRESSIVE;
				GCC_WARN_UNUSED_FUNCTION = YES;
				GCC_WARN_UNUSED_VARIABLE = YES;
				IPHONEOS_DEPLOYMENT_TARGET = 17.4;
				LOCALIZATION_PREFERS_STRING_CATALOGS = YES;
				MTL_ENABLE_DEBUG_INFO = INCLUDE_SOURCE;
				MTL_FAST_MATH = YES;
				ONLY_ACTIVE_ARCH = YES;
				SDKROOT = iphoneos;
				SWIFT_ACTIVE_COMPILATION_CONDITIONS = "DEBUG $(inherited)";
				SWIFT_OPTIMIZATION_LEVEL = "-Onone";
			};
			name = Debug;
		};
		2711291B2C73EF2A00191CBC /* Release */ = {
			isa = XCBuildConfiguration;
			buildSettings = {
				ALWAYS_SEARCH_USER_PATHS = NO;
				ASSETCATALOG_COMPILER_GENERATE_SWIFT_ASSET_SYMBOL_EXTENSIONS = YES;
				CLANG_ANALYZER_NONNULL = YES;
				CLANG_ANALYZER_NUMBER_OBJECT_CONVERSION = YES_AGGRESSIVE;
				CLANG_CXX_LANGUAGE_STANDARD = "gnu++20";
				CLANG_ENABLE_MODULES = YES;
				CLANG_ENABLE_OBJC_ARC = YES;
				CLANG_ENABLE_OBJC_WEAK = YES;
				CLANG_WARN_BLOCK_CAPTURE_AUTORELEASING = YES;
				CLANG_WARN_BOOL_CONVERSION = YES;
				CLANG_WARN_COMMA = YES;
				CLANG_WARN_CONSTANT_CONVERSION = YES;
				CLANG_WARN_DEPRECATED_OBJC_IMPLEMENTATIONS = YES;
				CLANG_WARN_DIRECT_OBJC_ISA_USAGE = YES_ERROR;
				CLANG_WARN_DOCUMENTATION_COMMENTS = YES;
				CLANG_WARN_EMPTY_BODY = YES;
				CLANG_WARN_ENUM_CONVERSION = YES;
				CLANG_WARN_INFINITE_RECURSION = YES;
				CLANG_WARN_INT_CONVERSION = YES;
				CLANG_WARN_NON_LITERAL_NULL_CONVERSION = YES;
				CLANG_WARN_OBJC_IMPLICIT_RETAIN_SELF = YES;
				CLANG_WARN_OBJC_LITERAL_CONVERSION = YES;
				CLANG_WARN_OBJC_ROOT_CLASS = YES_ERROR;
				CLANG_WARN_QUOTED_INCLUDE_IN_FRAMEWORK_HEADER = YES;
				CLANG_WARN_RANGE_LOOP_ANALYSIS = YES;
				CLANG_WARN_STRICT_PROTOTYPES = YES;
				CLANG_WARN_SUSPICIOUS_MOVE = YES;
				CLANG_WARN_UNGUARDED_AVAILABILITY = YES_AGGRESSIVE;
				CLANG_WARN_UNREACHABLE_CODE = YES;
				CLANG_WARN__DUPLICATE_METHOD_MATCH = YES;
				COPY_PHASE_STRIP = NO;
				DEBUG_INFORMATION_FORMAT = "dwarf-with-dsym";
				ENABLE_NS_ASSERTIONS = NO;
				ENABLE_STRICT_OBJC_MSGSEND = YES;
				ENABLE_USER_SCRIPT_SANDBOXING = YES;
				GCC_C_LANGUAGE_STANDARD = gnu17;
				GCC_NO_COMMON_BLOCKS = YES;
				GCC_WARN_64_TO_32_BIT_CONVERSION = YES;
				GCC_WARN_ABOUT_RETURN_TYPE = YES_ERROR;
				GCC_WARN_UNDECLARED_SELECTOR = YES;
				GCC_WARN_UNINITIALIZED_AUTOS = YES_AGGRESSIVE;
				GCC_WARN_UNUSED_FUNCTION = YES;
				GCC_WARN_UNUSED_VARIABLE = YES;
				IPHONEOS_DEPLOYMENT_TARGET = 17.4;
				LOCALIZATION_PREFERS_STRING_CATALOGS = YES;
				MTL_ENABLE_DEBUG_INFO = NO;
				MTL_FAST_MATH = YES;
				SDKROOT = iphoneos;
				SWIFT_COMPILATION_MODE = wholemodule;
				VALIDATE_PRODUCT = YES;
			};
			name = Release;
		};
		2711291D2C73EF2A00191CBC /* Debug */ = {
			isa = XCBuildConfiguration;
			buildSettings = {
				ASSETCATALOG_COMPILER_APPICON_NAME = AppIcon;
				ASSETCATALOG_COMPILER_GLOBAL_ACCENT_COLOR_NAME = AccentColor;
				CODE_SIGN_STYLE = Automatic;
				CURRENT_PROJECT_VERSION = 1;
				DEVELOPMENT_ASSET_PATHS = "\"eShop (FireBase)/Preview Content\"";
				DEVELOPMENT_TEAM = GWFL8TQB93;
				ENABLE_PREVIEWS = YES;
				GENERATE_INFOPLIST_FILE = YES;
				INFOPLIST_KEY_UIApplicationSceneManifest_Generation = YES;
				INFOPLIST_KEY_UIApplicationSupportsIndirectInputEvents = YES;
				INFOPLIST_KEY_UILaunchScreen_Generation = YES;
				INFOPLIST_KEY_UISupportedInterfaceOrientations = UIInterfaceOrientationPortrait;
				LD_RUNPATH_SEARCH_PATHS = (
					"$(inherited)",
					"@executable_path/Frameworks",
				);
				MARKETING_VERSION = 1.0;
				PRODUCT_BUNDLE_IDENTIFIER = "co.slv.eShop--FireBase-";
				PRODUCT_NAME = "$(TARGET_NAME)";
				SUPPORTED_PLATFORMS = "iphoneos iphonesimulator";
				SUPPORTS_MACCATALYST = NO;
				SUPPORTS_MAC_DESIGNED_FOR_IPHONE_IPAD = NO;
				SUPPORTS_XR_DESIGNED_FOR_IPHONE_IPAD = NO;
				SWIFT_EMIT_LOC_STRINGS = YES;
				SWIFT_VERSION = 5.0;
				TARGETED_DEVICE_FAMILY = "1,2";
			};
			name = Debug;
		};
		2711291E2C73EF2A00191CBC /* Release */ = {
			isa = XCBuildConfiguration;
			buildSettings = {
				ASSETCATALOG_COMPILER_APPICON_NAME = AppIcon;
				ASSETCATALOG_COMPILER_GLOBAL_ACCENT_COLOR_NAME = AccentColor;
				CODE_SIGN_STYLE = Automatic;
				CURRENT_PROJECT_VERSION = 1;
				DEVELOPMENT_ASSET_PATHS = "\"eShop (FireBase)/Preview Content\"";
				DEVELOPMENT_TEAM = GWFL8TQB93;
				ENABLE_PREVIEWS = YES;
				GENERATE_INFOPLIST_FILE = YES;
				INFOPLIST_KEY_UIApplicationSceneManifest_Generation = YES;
				INFOPLIST_KEY_UIApplicationSupportsIndirectInputEvents = YES;
				INFOPLIST_KEY_UILaunchScreen_Generation = YES;
				INFOPLIST_KEY_UISupportedInterfaceOrientations = UIInterfaceOrientationPortrait;
				LD_RUNPATH_SEARCH_PATHS = (
					"$(inherited)",
					"@executable_path/Frameworks",
				);
				MARKETING_VERSION = 1.0;
				PRODUCT_BUNDLE_IDENTIFIER = "co.slv.eShop--FireBase-";
				PRODUCT_NAME = "$(TARGET_NAME)";
				SUPPORTED_PLATFORMS = "iphoneos iphonesimulator";
				SUPPORTS_MACCATALYST = NO;
				SUPPORTS_MAC_DESIGNED_FOR_IPHONE_IPAD = NO;
				SUPPORTS_XR_DESIGNED_FOR_IPHONE_IPAD = NO;
				SWIFT_EMIT_LOC_STRINGS = YES;
				SWIFT_VERSION = 5.0;
				TARGETED_DEVICE_FAMILY = "1,2";
			};
			name = Release;
		};
/* End XCBuildConfiguration section */

/* Begin XCConfigurationList section */
		271129092C73EF2800191CBC /* Build configuration list for PBXProject "eShop (FireBase)" */ = {
			isa = XCConfigurationList;
			buildConfigurations = (
				2711291A2C73EF2A00191CBC /* Debug */,
				2711291B2C73EF2A00191CBC /* Release */,
			);
			defaultConfigurationIsVisible = 0;
			defaultConfigurationName = Release;
		};
		2711291C2C73EF2A00191CBC /* Build configuration list for PBXNativeTarget "eShop (FireBase)" */ = {
			isa = XCConfigurationList;
			buildConfigurations = (
				2711291D2C73EF2A00191CBC /* Debug */,
				2711291E2C73EF2A00191CBC /* Release */,
			);
			defaultConfigurationIsVisible = 0;
			defaultConfigurationName = Release;
		};
/* End XCConfigurationList section */

/* Begin XCRemoteSwiftPackageReference section */
		276C00F12C74CFFC00A0E788 /* XCRemoteSwiftPackageReference "firebase-ios-sdk" */ = {
			isa = XCRemoteSwiftPackageReference;
			repositoryURL = "https://github.com/firebase/firebase-ios-sdk";
			requirement = {
				kind = exactVersion;
				version = 11.1.0;
			};
		};
/* End XCRemoteSwiftPackageReference section */

/* Begin XCSwiftPackageProductDependency section */
		276C00F22C74CFFC00A0E788 /* FirebaseAnalytics */ = {
			isa = XCSwiftPackageProductDependency;
			package = 276C00F12C74CFFC00A0E788 /* XCRemoteSwiftPackageReference "firebase-ios-sdk" */;
			productName = FirebaseAnalytics;
		};
		276C00F42C74CFFC00A0E788 /* FirebaseAnalyticsOnDeviceConversion */ = {
			isa = XCSwiftPackageProductDependency;
			package = 276C00F12C74CFFC00A0E788 /* XCRemoteSwiftPackageReference "firebase-ios-sdk" */;
			productName = FirebaseAnalyticsOnDeviceConversion;
		};
		276C00F62C74CFFC00A0E788 /* FirebaseAnalyticsWithoutAdIdSupport */ = {
			isa = XCSwiftPackageProductDependency;
			package = 276C00F12C74CFFC00A0E788 /* XCRemoteSwiftPackageReference "firebase-ios-sdk" */;
			productName = FirebaseAnalyticsWithoutAdIdSupport;
		};
		276C00F82C74CFFC00A0E788 /* FirebaseAppCheck */ = {
			isa = XCSwiftPackageProductDependency;
			package = 276C00F12C74CFFC00A0E788 /* XCRemoteSwiftPackageReference "firebase-ios-sdk" */;
			productName = FirebaseAppCheck;
		};
		276C00FA2C74CFFC00A0E788 /* FirebaseAppDistribution-Beta */ = {
			isa = XCSwiftPackageProductDependency;
			package = 276C00F12C74CFFC00A0E788 /* XCRemoteSwiftPackageReference "firebase-ios-sdk" */;
			productName = "FirebaseAppDistribution-Beta";
		};
		276C00FC2C74CFFC00A0E788 /* FirebaseAuth */ = {
			isa = XCSwiftPackageProductDependency;
			package = 276C00F12C74CFFC00A0E788 /* XCRemoteSwiftPackageReference "firebase-ios-sdk" */;
			productName = FirebaseAuth;
		};
		276C00FE2C74CFFC00A0E788 /* FirebaseAuthCombine-Community */ = {
			isa = XCSwiftPackageProductDependency;
			package = 276C00F12C74CFFC00A0E788 /* XCRemoteSwiftPackageReference "firebase-ios-sdk" */;
			productName = "FirebaseAuthCombine-Community";
		};
		276C01002C74CFFC00A0E788 /* FirebaseCrashlytics */ = {
			isa = XCSwiftPackageProductDependency;
			package = 276C00F12C74CFFC00A0E788 /* XCRemoteSwiftPackageReference "firebase-ios-sdk" */;
			productName = FirebaseCrashlytics;
		};
		276C01022C74CFFC00A0E788 /* FirebaseDatabase */ = {
			isa = XCSwiftPackageProductDependency;
			package = 276C00F12C74CFFC00A0E788 /* XCRemoteSwiftPackageReference "firebase-ios-sdk" */;
			productName = FirebaseDatabase;
		};
		276C01042C74CFFC00A0E788 /* FirebaseDynamicLinks */ = {
			isa = XCSwiftPackageProductDependency;
			package = 276C00F12C74CFFC00A0E788 /* XCRemoteSwiftPackageReference "firebase-ios-sdk" */;
			productName = FirebaseDynamicLinks;
		};
		276C01062C74CFFC00A0E788 /* FirebaseFirestore */ = {
			isa = XCSwiftPackageProductDependency;
			package = 276C00F12C74CFFC00A0E788 /* XCRemoteSwiftPackageReference "firebase-ios-sdk" */;
			productName = FirebaseFirestore;
		};
		276C01082C74CFFC00A0E788 /* FirebaseFirestoreCombine-Community */ = {
			isa = XCSwiftPackageProductDependency;
			package = 276C00F12C74CFFC00A0E788 /* XCRemoteSwiftPackageReference "firebase-ios-sdk" */;
			productName = "FirebaseFirestoreCombine-Community";
		};
		276C010A2C74CFFC00A0E788 /* FirebaseFunctions */ = {
			isa = XCSwiftPackageProductDependency;
			package = 276C00F12C74CFFC00A0E788 /* XCRemoteSwiftPackageReference "firebase-ios-sdk" */;
			productName = FirebaseFunctions;
		};
		276C010C2C74CFFC00A0E788 /* FirebaseFunctionsCombine-Community */ = {
			isa = XCSwiftPackageProductDependency;
			package = 276C00F12C74CFFC00A0E788 /* XCRemoteSwiftPackageReference "firebase-ios-sdk" */;
			productName = "FirebaseFunctionsCombine-Community";
		};
		276C010E2C74CFFC00A0E788 /* FirebaseInAppMessaging-Beta */ = {
			isa = XCSwiftPackageProductDependency;
			package = 276C00F12C74CFFC00A0E788 /* XCRemoteSwiftPackageReference "firebase-ios-sdk" */;
			productName = "FirebaseInAppMessaging-Beta";
		};
		276C01102C74CFFC00A0E788 /* FirebaseInstallations */ = {
			isa = XCSwiftPackageProductDependency;
			package = 276C00F12C74CFFC00A0E788 /* XCRemoteSwiftPackageReference "firebase-ios-sdk" */;
			productName = FirebaseInstallations;
		};
		276C01122C74CFFC00A0E788 /* FirebaseMLModelDownloader */ = {
			isa = XCSwiftPackageProductDependency;
			package = 276C00F12C74CFFC00A0E788 /* XCRemoteSwiftPackageReference "firebase-ios-sdk" */;
			productName = FirebaseMLModelDownloader;
		};
		276C01142C74CFFC00A0E788 /* FirebaseMessaging */ = {
			isa = XCSwiftPackageProductDependency;
			package = 276C00F12C74CFFC00A0E788 /* XCRemoteSwiftPackageReference "firebase-ios-sdk" */;
			productName = FirebaseMessaging;
		};
		276C01162C74CFFC00A0E788 /* FirebasePerformance */ = {
			isa = XCSwiftPackageProductDependency;
			package = 276C00F12C74CFFC00A0E788 /* XCRemoteSwiftPackageReference "firebase-ios-sdk" */;
			productName = FirebasePerformance;
		};
		276C01182C74CFFC00A0E788 /* FirebaseRemoteConfig */ = {
			isa = XCSwiftPackageProductDependency;
			package = 276C00F12C74CFFC00A0E788 /* XCRemoteSwiftPackageReference "firebase-ios-sdk" */;
			productName = FirebaseRemoteConfig;
		};
		276C011A2C74CFFC00A0E788 /* FirebaseStorage */ = {
			isa = XCSwiftPackageProductDependency;
			package = 276C00F12C74CFFC00A0E788 /* XCRemoteSwiftPackageReference "firebase-ios-sdk" */;
			productName = FirebaseStorage;
		};
		276C011C2C74CFFC00A0E788 /* FirebaseStorageCombine-Community */ = {
			isa = XCSwiftPackageProductDependency;
			package = 276C00F12C74CFFC00A0E788 /* XCRemoteSwiftPackageReference "firebase-ios-sdk" */;
			productName = "FirebaseStorageCombine-Community";
		};
/* End XCSwiftPackageProductDependency section */
	};
	rootObject = 271129062C73EF2800191CBC /* Project object */;
}
