// !$*UTF8*$!
{
	archiveVersion = 1;
	classes = {
	};
	objectVersion = 56;
	objects = {

/* Begin PBXBuildFile section */
		271069A22C76758300CE55C9 /* FirebaseAuth in Frameworks */ = {isa = PBXBuildFile; productRef = 271069A12C76758300CE55C9 /* FirebaseAuth */; };
		271069A82C76758300CE55C9 /* FirebaseDatabase in Frameworks */ = {isa = PBXBuildFile; productRef = 271069A72C76758300CE55C9 /* FirebaseDatabase */; };
		271069AA2C76758300CE55C9 /* FirebaseDatabaseSwift in Frameworks */ = {isa = PBXBuildFile; productRef = 271069A92C76758300CE55C9 /* FirebaseDatabaseSwift */; };
		271069AC2C76758300CE55C9 /* FirebaseDynamicLinks in Frameworks */ = {isa = PBXBuildFile; productRef = 271069AB2C76758300CE55C9 /* FirebaseDynamicLinks */; };
		271069AE2C76758300CE55C9 /* FirebaseFirestore in Frameworks */ = {isa = PBXBuildFile; productRef = 271069AD2C76758300CE55C9 /* FirebaseFirestore */; };
		271069B22C76758300CE55C9 /* FirebaseFirestoreSwift in Frameworks */ = {isa = PBXBuildFile; productRef = 271069B12C76758300CE55C9 /* FirebaseFirestoreSwift */; };
		271069B42C76758300CE55C9 /* FirebaseFunctions in Frameworks */ = {isa = PBXBuildFile; productRef = 271069B32C76758300CE55C9 /* FirebaseFunctions */; };
		271069C82C76758300CE55C9 /* FirebaseStorage in Frameworks */ = {isa = PBXBuildFile; productRef = 271069C72C76758300CE55C9 /* FirebaseStorage */; };
		271069CE2C7685DC00CE55C9 /* GoogleService-Info.plist in Resources */ = {isa = PBXBuildFile; fileRef = 271069CD2C7685DC00CE55C9 /* GoogleService-Info.plist */; };
		271129122C73EF2800191CBC /* eShop__FireBase_App.swift in Sources */ = {isa = PBXBuildFile; fileRef = 271129112C73EF2800191CBC /* eShop__FireBase_App.swift */; };
		271129142C73EF2800191CBC /* MainView.swift in Sources */ = {isa = PBXBuildFile; fileRef = 271129132C73EF2800191CBC /* MainView.swift */; };
		271129162C73EF2A00191CBC /* Assets.xcassets in Resources */ = {isa = PBXBuildFile; fileRef = 271129152C73EF2A00191CBC /* Assets.xcassets */; };
		271129192C73EF2A00191CBC /* Preview Assets.xcassets in Resources */ = {isa = PBXBuildFile; fileRef = 271129182C73EF2A00191CBC /* Preview Assets.xcassets */; };
		2711F1EF2C8BAEAC0089D60F /* CustomMainButtonView.swift in Sources */ = {isa = PBXBuildFile; fileRef = 2711F1EE2C8BAEAC0089D60F /* CustomMainButtonView.swift */; };
		271536082C90CEF300E5AD2C /* ProductsCollection.swift in Sources */ = {isa = PBXBuildFile; fileRef = 271536072C90CEF300E5AD2C /* ProductsCollection.swift */; };
		27297AE42C7A261C0053D0D0 /* FavoritesView.swift in Sources */ = {isa = PBXBuildFile; fileRef = 27297AE32C7A261C0053D0D0 /* FavoritesView.swift */; };
		27297AE62C7A262B0053D0D0 /* CartView.swift in Sources */ = {isa = PBXBuildFile; fileRef = 27297AE52C7A262B0053D0D0 /* CartView.swift */; };
		27297AE82C7A32430053D0D0 /* ProductImageView.swift in Sources */ = {isa = PBXBuildFile; fileRef = 27297AE72C7A32430053D0D0 /* ProductImageView.swift */; };
		272D36252C8795DB00020714 /* InfoProductDetailView.swift in Sources */ = {isa = PBXBuildFile; fileRef = 272D36242C8795DB00020714 /* InfoProductDetailView.swift */; };
		272D36272C879BF000020714 /* FavoritesButtonView.swift in Sources */ = {isa = PBXBuildFile; fileRef = 272D36262C879BF000020714 /* FavoritesButtonView.swift */; };
		272D362A2C87A4F000020714 /* ProductCardInCartView.swift in Sources */ = {isa = PBXBuildFile; fileRef = 272D36292C87A4F000020714 /* ProductCardInCartView.swift */; };
		27A357F32C7B65BD00C7B45B /* ViewModel.swift in Sources */ = {isa = PBXBuildFile; fileRef = 27A357F22C7B65BD00C7B45B /* ViewModel.swift */; };
		27A357F62C7B6A7600C7B45B /* ProductDetailView.swift in Sources */ = {isa = PBXBuildFile; fileRef = 27A357F52C7B6A7600C7B45B /* ProductDetailView.swift */; };
		27D31AD12C79115A00E8E35E /* ProductCardView.swift in Sources */ = {isa = PBXBuildFile; fileRef = 27D31AD02C79115A00E8E35E /* ProductCardView.swift */; };
		27D5CAC62C823D7800D1DDF6 /* BackButtonView.swift in Sources */ = {isa = PBXBuildFile; fileRef = 27D5CAC52C823D7800D1DDF6 /* BackButtonView.swift */; };
		27DE4FB42C7FAC08009B35A9 /* DetailedView.png in Resources */ = {isa = PBXBuildFile; fileRef = 27DE4FB12C7FAC08009B35A9 /* DetailedView.png */; };
		27DE4FB52C7FAC08009B35A9 /* FavoritesView.png in Resources */ = {isa = PBXBuildFile; fileRef = 27DE4FB22C7FAC08009B35A9 /* FavoritesView.png */; };
		27DE4FB62C7FAC08009B35A9 /* MainView.png in Resources */ = {isa = PBXBuildFile; fileRef = 27DE4FB32C7FAC08009B35A9 /* MainView.png */; };
		27F3B22D2C7A77A100A6D909 /* Extension+Text.swift in Sources */ = {isa = PBXBuildFile; fileRef = 27F3B22B2C7A77A100A6D909 /* Extension+Text.swift */; };
		27FE30AB2C766DB9001B1F4D /* Product.swift in Sources */ = {isa = PBXBuildFile; fileRef = 27FE30AA2C766DB9001B1F4D /* Product.swift */; };
/* End PBXBuildFile section */

/* Begin PBXFileReference section */
		271069CD2C7685DC00CE55C9 /* GoogleService-Info.plist */ = {isa = PBXFileReference; fileEncoding = 4; lastKnownFileType = text.plist.xml; path = "GoogleService-Info.plist"; sourceTree = "<group>"; };
		2711290E2C73EF2800191CBC /* eShop (FireBase).app */ = {isa = PBXFileReference; explicitFileType = wrapper.application; includeInIndex = 0; path = "eShop (FireBase).app"; sourceTree = BUILT_PRODUCTS_DIR; };
		271129112C73EF2800191CBC /* eShop__FireBase_App.swift */ = {isa = PBXFileReference; lastKnownFileType = sourcecode.swift; path = eShop__FireBase_App.swift; sourceTree = "<group>"; };
		271129132C73EF2800191CBC /* MainView.swift */ = {isa = PBXFileReference; lastKnownFileType = sourcecode.swift; path = MainView.swift; sourceTree = "<group>"; };
		271129152C73EF2A00191CBC /* Assets.xcassets */ = {isa = PBXFileReference; lastKnownFileType = folder.assetcatalog; path = Assets.xcassets; sourceTree = "<group>"; };
		271129182C73EF2A00191CBC /* Preview Assets.xcassets */ = {isa = PBXFileReference; lastKnownFileType = folder.assetcatalog; path = "Preview Assets.xcassets"; sourceTree = "<group>"; };
		2711F1EE2C8BAEAC0089D60F /* CustomMainButtonView.swift */ = {isa = PBXFileReference; lastKnownFileType = sourcecode.swift; path = CustomMainButtonView.swift; sourceTree = "<group>"; };
		271536072C90CEF300E5AD2C /* ProductsCollection.swift */ = {isa = PBXFileReference; lastKnownFileType = sourcecode.swift; path = ProductsCollection.swift; sourceTree = "<group>"; };
		27297AE32C7A261C0053D0D0 /* FavoritesView.swift */ = {isa = PBXFileReference; lastKnownFileType = sourcecode.swift; path = FavoritesView.swift; sourceTree = "<group>"; };
		27297AE52C7A262B0053D0D0 /* CartView.swift */ = {isa = PBXFileReference; lastKnownFileType = sourcecode.swift; path = CartView.swift; sourceTree = "<group>"; };
		27297AE72C7A32430053D0D0 /* ProductImageView.swift */ = {isa = PBXFileReference; lastKnownFileType = sourcecode.swift; path = ProductImageView.swift; sourceTree = "<group>"; };
		272D36242C8795DB00020714 /* InfoProductDetailView.swift */ = {isa = PBXFileReference; lastKnownFileType = sourcecode.swift; path = InfoProductDetailView.swift; sourceTree = "<group>"; };
		272D36262C879BF000020714 /* FavoritesButtonView.swift */ = {isa = PBXFileReference; lastKnownFileType = sourcecode.swift; path = FavoritesButtonView.swift; sourceTree = "<group>"; };
		272D36292C87A4F000020714 /* ProductCardInCartView.swift */ = {isa = PBXFileReference; lastKnownFileType = sourcecode.swift; path = ProductCardInCartView.swift; sourceTree = "<group>"; };
		276C011E2C74D01C00A0E788 /* ReadME.md */ = {isa = PBXFileReference; lastKnownFileType = net.daringfireball.markdown; path = ReadME.md; sourceTree = "<group>"; };
		27A357F22C7B65BD00C7B45B /* ViewModel.swift */ = {isa = PBXFileReference; lastKnownFileType = sourcecode.swift; path = ViewModel.swift; sourceTree = "<group>"; };
		27A357F52C7B6A7600C7B45B /* ProductDetailView.swift */ = {isa = PBXFileReference; lastKnownFileType = sourcecode.swift; path = ProductDetailView.swift; sourceTree = "<group>"; };
		27D31AD02C79115A00E8E35E /* ProductCardView.swift */ = {isa = PBXFileReference; lastKnownFileType = sourcecode.swift; path = ProductCardView.swift; sourceTree = "<group>"; };
		27D5CAC52C823D7800D1DDF6 /* BackButtonView.swift */ = {isa = PBXFileReference; lastKnownFileType = sourcecode.swift; path = BackButtonView.swift; sourceTree = "<group>"; };
		27DE4FB12C7FAC08009B35A9 /* DetailedView.png */ = {isa = PBXFileReference; lastKnownFileType = image.png; path = DetailedView.png; sourceTree = "<group>"; };
		27DE4FB22C7FAC08009B35A9 /* FavoritesView.png */ = {isa = PBXFileReference; lastKnownFileType = image.png; path = FavoritesView.png; sourceTree = "<group>"; };
		27DE4FB32C7FAC08009B35A9 /* MainView.png */ = {isa = PBXFileReference; lastKnownFileType = image.png; path = MainView.png; sourceTree = "<group>"; };
		27F3B22B2C7A77A100A6D909 /* Extension+Text.swift */ = {isa = PBXFileReference; fileEncoding = 4; lastKnownFileType = sourcecode.swift; path = "Extension+Text.swift"; sourceTree = "<group>"; };
		27FE30AA2C766DB9001B1F4D /* Product.swift */ = {isa = PBXFileReference; lastKnownFileType = sourcecode.swift; path = Product.swift; sourceTree = "<group>"; };
/* End PBXFileReference section */

/* Begin PBXFrameworksBuildPhase section */
		2711290B2C73EF2800191CBC /* Frameworks */ = {
			isa = PBXFrameworksBuildPhase;
			buildActionMask = 2147483647;
			files = (
				271069A82C76758300CE55C9 /* FirebaseDatabase in Frameworks */,
				271069AE2C76758300CE55C9 /* FirebaseFirestore in Frameworks */,
				271069B22C76758300CE55C9 /* FirebaseFirestoreSwift in Frameworks */,
				271069A22C76758300CE55C9 /* FirebaseAuth in Frameworks */,
				271069AA2C76758300CE55C9 /* FirebaseDatabaseSwift in Frameworks */,
				271069B42C76758300CE55C9 /* FirebaseFunctions in Frameworks */,
				271069C82C76758300CE55C9 /* FirebaseStorage in Frameworks */,
				271069AC2C76758300CE55C9 /* FirebaseDynamicLinks in Frameworks */,
			);
			runOnlyForDeploymentPostprocessing = 0;
		};
/* End PBXFrameworksBuildPhase section */

/* Begin PBXGroup section */
		271129052C73EF2800191CBC = {
			isa = PBXGroup;
			children = (
				271129102C73EF2800191CBC /* eShop (FireBase) */,
				2711290F2C73EF2800191CBC /* Products */,
			);
			sourceTree = "<group>";
		};
		2711290F2C73EF2800191CBC /* Products */ = {
			isa = PBXGroup;
			children = (
				2711290E2C73EF2800191CBC /* eShop (FireBase).app */,
			);
			name = Products;
			sourceTree = "<group>";
		};
		271129102C73EF2800191CBC /* eShop (FireBase) */ = {
			isa = PBXGroup;
			children = (
				271129112C73EF2800191CBC /* eShop__FireBase_App.swift */,
				271129202C73EF3B00191CBC /* View */,
				2711291F2C73EF3400191CBC /* Model */,
				271129212C73EF4200191CBC /* ViewModel */,
				27F3B22C2C7A77A100A6D909 /* Extensions */,
				27DE4FB02C7FABC5009B35A9 /* Images(for ReadME) */,
				271129152C73EF2A00191CBC /* Assets.xcassets */,
				271069CD2C7685DC00CE55C9 /* GoogleService-Info.plist */,
				271129172C73EF2A00191CBC /* Preview Content */,
				276C011E2C74D01C00A0E788 /* ReadME.md */,
			);
			path = "eShop (FireBase)";
			sourceTree = "<group>";
		};
		271129172C73EF2A00191CBC /* Preview Content */ = {
			isa = PBXGroup;
			children = (
				271129182C73EF2A00191CBC /* Preview Assets.xcassets */,
			);
			path = "Preview Content";
			sourceTree = "<group>";
		};
		2711291F2C73EF3400191CBC /* Model */ = {
			isa = PBXGroup;
			children = (
				27FE30AA2C766DB9001B1F4D /* Product.swift */,
				271536072C90CEF300E5AD2C /* ProductsCollection.swift */,
			);
			path = Model;
			sourceTree = "<group>";
		};
		271129202C73EF3B00191CBC /* View */ = {
			isa = PBXGroup;
			children = (
				27F3B22E2C7A77DC00A6D909 /* MainScreen */,
				27A357F42C7B6A5200C7B45B /* ProductDetailView */,
				27F3B22F2C7A780700A6D909 /* Favourites */,
				27F3B2302C7A781800A6D909 /* Cart */,
				27D5CAC42C823D4100D1DDF6 /* Components */,
			);
			path = View;
			sourceTree = "<group>";
		};
		271129212C73EF4200191CBC /* ViewModel */ = {
			isa = PBXGroup;
			children = (
				27A357F22C7B65BD00C7B45B /* ViewModel.swift */,
			);
			path = ViewModel;
			sourceTree = "<group>";
		};
		272D36232C8795B900020714 /* SubView */ = {
			isa = PBXGroup;
			children = (
				272D36242C8795DB00020714 /* InfoProductDetailView.swift */,
			);
			path = SubView;
			sourceTree = "<group>";
		};
		272D36282C87A48E00020714 /* SubView */ = {
			isa = PBXGroup;
			children = (
				272D36292C87A4F000020714 /* ProductCardInCartView.swift */,
			);
			path = SubView;
			sourceTree = "<group>";
		};
		27A357F42C7B6A5200C7B45B /* ProductDetailView */ = {
			isa = PBXGroup;
			children = (
				27A357F52C7B6A7600C7B45B /* ProductDetailView.swift */,
				272D36232C8795B900020714 /* SubView */,
			);
			path = ProductDetailView;
			sourceTree = "<group>";
		};
		27D5CAC42C823D4100D1DDF6 /* Components */ = {
			isa = PBXGroup;
			children = (
				27D5CAC52C823D7800D1DDF6 /* BackButtonView.swift */,
				272D36262C879BF000020714 /* FavoritesButtonView.swift */,
				2711F1EE2C8BAEAC0089D60F /* CustomMainButtonView.swift */,
			);
			path = Components;
			sourceTree = "<group>";
		};
		27DE4FB02C7FABC5009B35A9 /* Images(for ReadME) */ = {
			isa = PBXGroup;
			children = (
				27DE4FB12C7FAC08009B35A9 /* DetailedView.png */,
				27DE4FB22C7FAC08009B35A9 /* FavoritesView.png */,
				27DE4FB32C7FAC08009B35A9 /* MainView.png */,
			);
			path = "Images(for ReadME)";
			sourceTree = "<group>";
		};
		27F3B22C2C7A77A100A6D909 /* Extensions */ = {
			isa = PBXGroup;
			children = (
				27F3B22B2C7A77A100A6D909 /* Extension+Text.swift */,
			);
			path = Extensions;
			sourceTree = "<group>";
		};
		27F3B22E2C7A77DC00A6D909 /* MainScreen */ = {
			isa = PBXGroup;
			children = (
				271129132C73EF2800191CBC /* MainView.swift */,
				27F3B2312C7A783900A6D909 /* SubView */,
			);
			path = MainScreen;
			sourceTree = "<group>";
		};
		27F3B22F2C7A780700A6D909 /* Favourites */ = {
			isa = PBXGroup;
			children = (
				27297AE32C7A261C0053D0D0 /* FavoritesView.swift */,
			);
			path = Favourites;
			sourceTree = "<group>";
		};
		27F3B2302C7A781800A6D909 /* Cart */ = {
			isa = PBXGroup;
			children = (
				27297AE52C7A262B0053D0D0 /* CartView.swift */,
				272D36282C87A48E00020714 /* SubView */,
			);
			path = Cart;
			sourceTree = "<group>";
		};
		27F3B2312C7A783900A6D909 /* SubView */ = {
			isa = PBXGroup;
			children = (
				27D31AD02C79115A00E8E35E /* ProductCardView.swift */,
				27297AE72C7A32430053D0D0 /* ProductImageView.swift */,
			);
			path = SubView;
			sourceTree = "<group>";
		};
/* End PBXGroup section */

/* Begin PBXNativeTarget section */
		2711290D2C73EF2800191CBC /* eShop (FireBase) */ = {
			isa = PBXNativeTarget;
			buildConfigurationList = 2711291C2C73EF2A00191CBC /* Build configuration list for PBXNativeTarget "eShop (FireBase)" */;
			buildPhases = (
				2711290A2C73EF2800191CBC /* Sources */,
				2711290B2C73EF2800191CBC /* Frameworks */,
				2711290C2C73EF2800191CBC /* Resources */,
			);
			buildRules = (
			);
			dependencies = (
			);
			name = "eShop (FireBase)";
			packageProductDependencies = (
				271069A12C76758300CE55C9 /* FirebaseAuth */,
				271069A72C76758300CE55C9 /* FirebaseDatabase */,
				271069A92C76758300CE55C9 /* FirebaseDatabaseSwift */,
				271069AB2C76758300CE55C9 /* FirebaseDynamicLinks */,
				271069AD2C76758300CE55C9 /* FirebaseFirestore */,
				271069B12C76758300CE55C9 /* FirebaseFirestoreSwift */,
				271069B32C76758300CE55C9 /* FirebaseFunctions */,
				271069C72C76758300CE55C9 /* FirebaseStorage */,
			);
			productName = "eShop (FireBase)";
			productReference = 2711290E2C73EF2800191CBC /* eShop (FireBase).app */;
			productType = "com.apple.product-type.application";
		};
/* End PBXNativeTarget section */

/* Begin PBXProject section */
		271129062C73EF2800191CBC /* Project object */ = {
			isa = PBXProject;
			attributes = {
				BuildIndependentTargetsInParallel = 1;
				LastSwiftUpdateCheck = 1530;
				LastUpgradeCheck = 1530;
				TargetAttributes = {
					2711290D2C73EF2800191CBC = {
						CreatedOnToolsVersion = 15.3;
					};
				};
			};
			buildConfigurationList = 271129092C73EF2800191CBC /* Build configuration list for PBXProject "eShop (FireBase)" */;
			compatibilityVersion = "Xcode 14.0";
			developmentRegion = en;
			hasScannedForEncodings = 0;
			knownRegions = (
				en,
				Base,
			);
			mainGroup = 271129052C73EF2800191CBC;
			packageReferences = (
				271069942C76758300CE55C9 /* XCRemoteSwiftPackageReference "firebase-ios-sdk" */,
			);
			productRefGroup = 2711290F2C73EF2800191CBC /* Products */;
			projectDirPath = "";
			projectRoot = "";
			targets = (
				2711290D2C73EF2800191CBC /* eShop (FireBase) */,
			);
		};
/* End PBXProject section */

/* Begin PBXResourcesBuildPhase section */
		2711290C2C73EF2800191CBC /* Resources */ = {
			isa = PBXResourcesBuildPhase;
			buildActionMask = 2147483647;
			files = (
				271129192C73EF2A00191CBC /* Preview Assets.xcassets in Resources */,
				27DE4FB52C7FAC08009B35A9 /* FavoritesView.png in Resources */,
				271129162C73EF2A00191CBC /* Assets.xcassets in Resources */,
				27DE4FB42C7FAC08009B35A9 /* DetailedView.png in Resources */,
				271069CE2C7685DC00CE55C9 /* GoogleService-Info.plist in Resources */,
				27DE4FB62C7FAC08009B35A9 /* MainView.png in Resources */,
			);
			runOnlyForDeploymentPostprocessing = 0;
		};
/* End PBXResourcesBuildPhase section */

/* Begin PBXSourcesBuildPhase section */
		2711290A2C73EF2800191CBC /* Sources */ = {
			isa = PBXSourcesBuildPhase;
			buildActionMask = 2147483647;
			files = (
				2711F1EF2C8BAEAC0089D60F /* CustomMainButtonView.swift in Sources */,
				27297AE62C7A262B0053D0D0 /* CartView.swift in Sources */,
				272D36252C8795DB00020714 /* InfoProductDetailView.swift in Sources */,
				271536082C90CEF300E5AD2C /* ProductsCollection.swift in Sources */,
				27A357F62C7B6A7600C7B45B /* ProductDetailView.swift in Sources */,
				27A357F32C7B65BD00C7B45B /* ViewModel.swift in Sources */,
				27D31AD12C79115A00E8E35E /* ProductCardView.swift in Sources */,
				27297AE82C7A32430053D0D0 /* ProductImageView.swift in Sources */,
				271129142C73EF2800191CBC /* MainView.swift in Sources */,
				27F3B22D2C7A77A100A6D909 /* Extension+Text.swift in Sources */,
				271129122C73EF2800191CBC /* eShop__FireBase_App.swift in Sources */,
				27D5CAC62C823D7800D1DDF6 /* BackButtonView.swift in Sources */,
				27297AE42C7A261C0053D0D0 /* FavoritesView.swift in Sources */,
				27FE30AB2C766DB9001B1F4D /* Product.swift in Sources */,
				272D36272C879BF000020714 /* FavoritesButtonView.swift in Sources */,
				272D362A2C87A4F000020714 /* ProductCardInCartView.swift in Sources */,
			);
			runOnlyForDeploymentPostprocessing = 0;
		};
/* End PBXSourcesBuildPhase section */

/* Begin XCBuildConfiguration section */
		2711291A2C73EF2A00191CBC /* Debug */ = {
			isa = XCBuildConfiguration;
			buildSettings = {
				ALWAYS_SEARCH_USER_PATHS = NO;
				ASSETCATALOG_COMPILER_GENERATE_SWIFT_ASSET_SYMBOL_EXTENSIONS = YES;
				CLANG_ANALYZER_NONNULL = YES;
				CLANG_ANALYZER_NUMBER_OBJECT_CONVERSION = YES_AGGRESSIVE;
				CLANG_CXX_LANGUAGE_STANDARD = "gnu++20";
				CLANG_ENABLE_MODULES = YES;
				CLANG_ENABLE_OBJC_ARC = YES;
				CLANG_ENABLE_OBJC_WEAK = YES;
				CLANG_WARN_BLOCK_CAPTURE_AUTORELEASING = YES;
				CLANG_WARN_BOOL_CONVERSION = YES;
				CLANG_WARN_COMMA = YES;
				CLANG_WARN_CONSTANT_CONVERSION = YES;
				CLANG_WARN_DEPRECATED_OBJC_IMPLEMENTATIONS = YES;
				CLANG_WARN_DIRECT_OBJC_ISA_USAGE = YES_ERROR;
				CLANG_WARN_DOCUMENTATION_COMMENTS = YES;
				CLANG_WARN_EMPTY_BODY = YES;
				CLANG_WARN_ENUM_CONVERSION = YES;
				CLANG_WARN_INFINITE_RECURSION = YES;
				CLANG_WARN_INT_CONVERSION = YES;
				CLANG_WARN_NON_LITERAL_NULL_CONVERSION = YES;
				CLANG_WARN_OBJC_IMPLICIT_RETAIN_SELF = YES;
				CLANG_WARN_OBJC_LITERAL_CONVERSION = YES;
				CLANG_WARN_OBJC_ROOT_CLASS = YES_ERROR;
				CLANG_WARN_QUOTED_INCLUDE_IN_FRAMEWORK_HEADER = YES;
				CLANG_WARN_RANGE_LOOP_ANALYSIS = YES;
				CLANG_WARN_STRICT_PROTOTYPES = YES;
				CLANG_WARN_SUSPICIOUS_MOVE = YES;
				CLANG_WARN_UNGUARDED_AVAILABILITY = YES_AGGRESSIVE;
				CLANG_WARN_UNREACHABLE_CODE = YES;
				CLANG_WARN__DUPLICATE_METHOD_MATCH = YES;
				COPY_PHASE_STRIP = NO;
				DEBUG_INFORMATION_FORMAT = dwarf;
				ENABLE_STRICT_OBJC_MSGSEND = YES;
				ENABLE_TESTABILITY = YES;
				ENABLE_USER_SCRIPT_SANDBOXING = YES;
				GCC_C_LANGUAGE_STANDARD = gnu17;
				GCC_DYNAMIC_NO_PIC = NO;
				GCC_NO_COMMON_BLOCKS = YES;
				GCC_OPTIMIZATION_LEVEL = 0;
				GCC_PREPROCESSOR_DEFINITIONS = (
					"DEBUG=1",
					"$(inherited)",
				);
				GCC_WARN_64_TO_32_BIT_CONVERSION = YES;
				GCC_WARN_ABOUT_RETURN_TYPE = YES_ERROR;
				GCC_WARN_UNDECLARED_SELECTOR = YES;
				GCC_WARN_UNINITIALIZED_AUTOS = YES_AGGRESSIVE;
				GCC_WARN_UNUSED_FUNCTION = YES;
				GCC_WARN_UNUSED_VARIABLE = YES;
				IPHONEOS_DEPLOYMENT_TARGET = 17.4;
				LOCALIZATION_PREFERS_STRING_CATALOGS = YES;
				MTL_ENABLE_DEBUG_INFO = INCLUDE_SOURCE;
				MTL_FAST_MATH = YES;
				ONLY_ACTIVE_ARCH = YES;
				SDKROOT = iphoneos;
				SWIFT_ACTIVE_COMPILATION_CONDITIONS = "DEBUG $(inherited)";
				SWIFT_OPTIMIZATION_LEVEL = "-Onone";
			};
			name = Debug;
		};
		2711291B2C73EF2A00191CBC /* Release */ = {
			isa = XCBuildConfiguration;
			buildSettings = {
				ALWAYS_SEARCH_USER_PATHS = NO;
				ASSETCATALOG_COMPILER_GENERATE_SWIFT_ASSET_SYMBOL_EXTENSIONS = YES;
				CLANG_ANALYZER_NONNULL = YES;
				CLANG_ANALYZER_NUMBER_OBJECT_CONVERSION = YES_AGGRESSIVE;
				CLANG_CXX_LANGUAGE_STANDARD = "gnu++20";
				CLANG_ENABLE_MODULES = YES;
				CLANG_ENABLE_OBJC_ARC = YES;
				CLANG_ENABLE_OBJC_WEAK = YES;
				CLANG_WARN_BLOCK_CAPTURE_AUTORELEASING = YES;
				CLANG_WARN_BOOL_CONVERSION = YES;
				CLANG_WARN_COMMA = YES;
				CLANG_WARN_CONSTANT_CONVERSION = YES;
				CLANG_WARN_DEPRECATED_OBJC_IMPLEMENTATIONS = YES;
				CLANG_WARN_DIRECT_OBJC_ISA_USAGE = YES_ERROR;
				CLANG_WARN_DOCUMENTATION_COMMENTS = YES;
				CLANG_WARN_EMPTY_BODY = YES;
				CLANG_WARN_ENUM_CONVERSION = YES;
				CLANG_WARN_INFINITE_RECURSION = YES;
				CLANG_WARN_INT_CONVERSION = YES;
				CLANG_WARN_NON_LITERAL_NULL_CONVERSION = YES;
				CLANG_WARN_OBJC_IMPLICIT_RETAIN_SELF = YES;
				CLANG_WARN_OBJC_LITERAL_CONVERSION = YES;
				CLANG_WARN_OBJC_ROOT_CLASS = YES_ERROR;
				CLANG_WARN_QUOTED_INCLUDE_IN_FRAMEWORK_HEADER = YES;
				CLANG_WARN_RANGE_LOOP_ANALYSIS = YES;
				CLANG_WARN_STRICT_PROTOTYPES = YES;
				CLANG_WARN_SUSPICIOUS_MOVE = YES;
				CLANG_WARN_UNGUARDED_AVAILABILITY = YES_AGGRESSIVE;
				CLANG_WARN_UNREACHABLE_CODE = YES;
				CLANG_WARN__DUPLICATE_METHOD_MATCH = YES;
				COPY_PHASE_STRIP = NO;
				DEBUG_INFORMATION_FORMAT = "dwarf-with-dsym";
				ENABLE_NS_ASSERTIONS = NO;
				ENABLE_STRICT_OBJC_MSGSEND = YES;
				ENABLE_USER_SCRIPT_SANDBOXING = YES;
				GCC_C_LANGUAGE_STANDARD = gnu17;
				GCC_NO_COMMON_BLOCKS = YES;
				GCC_WARN_64_TO_32_BIT_CONVERSION = YES;
				GCC_WARN_ABOUT_RETURN_TYPE = YES_ERROR;
				GCC_WARN_UNDECLARED_SELECTOR = YES;
				GCC_WARN_UNINITIALIZED_AUTOS = YES_AGGRESSIVE;
				GCC_WARN_UNUSED_FUNCTION = YES;
				GCC_WARN_UNUSED_VARIABLE = YES;
				IPHONEOS_DEPLOYMENT_TARGET = 17.4;
				LOCALIZATION_PREFERS_STRING_CATALOGS = YES;
				MTL_ENABLE_DEBUG_INFO = NO;
				MTL_FAST_MATH = YES;
				SDKROOT = iphoneos;
				SWIFT_COMPILATION_MODE = wholemodule;
				VALIDATE_PRODUCT = YES;
			};
			name = Release;
		};
		2711291D2C73EF2A00191CBC /* Debug */ = {
			isa = XCBuildConfiguration;
			buildSettings = {
				ASSETCATALOG_COMPILER_APPICON_NAME = AppIcon;
				ASSETCATALOG_COMPILER_GLOBAL_ACCENT_COLOR_NAME = AccentColor;
				CODE_SIGN_STYLE = Automatic;
				CURRENT_PROJECT_VERSION = 1;
				DEVELOPMENT_ASSET_PATHS = "\"eShop (FireBase)/Preview Content\"";
				DEVELOPMENT_TEAM = GWFL8TQB93;
				ENABLE_PREVIEWS = YES;
				GENERATE_INFOPLIST_FILE = YES;
				INFOPLIST_KEY_UIApplicationSceneManifest_Generation = YES;
				INFOPLIST_KEY_UIApplicationSupportsIndirectInputEvents = YES;
				INFOPLIST_KEY_UILaunchScreen_Generation = YES;
				INFOPLIST_KEY_UISupportedInterfaceOrientations = UIInterfaceOrientationPortrait;
				LD_RUNPATH_SEARCH_PATHS = (
					"$(inherited)",
					"@executable_path/Frameworks",
				);
				MARKETING_VERSION = 1.0;
				PRODUCT_BUNDLE_IDENTIFIER = "co.slv.eShop--FireBase-";
				PRODUCT_NAME = "$(TARGET_NAME)";
				SUPPORTED_PLATFORMS = "iphoneos iphonesimulator";
				SUPPORTS_MACCATALYST = NO;
				SUPPORTS_MAC_DESIGNED_FOR_IPHONE_IPAD = NO;
				SUPPORTS_XR_DESIGNED_FOR_IPHONE_IPAD = NO;
				SWIFT_EMIT_LOC_STRINGS = YES;
				SWIFT_VERSION = 5.0;
				TARGETED_DEVICE_FAMILY = "1,2";
			};
			name = Debug;
		};
		2711291E2C73EF2A00191CBC /* Release */ = {
			isa = XCBuildConfiguration;
			buildSettings = {
				ASSETCATALOG_COMPILER_APPICON_NAME = AppIcon;
				ASSETCATALOG_COMPILER_GLOBAL_ACCENT_COLOR_NAME = AccentColor;
				CODE_SIGN_STYLE = Automatic;
				CURRENT_PROJECT_VERSION = 1;
				DEVELOPMENT_ASSET_PATHS = "\"eShop (FireBase)/Preview Content\"";
				DEVELOPMENT_TEAM = GWFL8TQB93;
				ENABLE_PREVIEWS = YES;
				GENERATE_INFOPLIST_FILE = YES;
				INFOPLIST_KEY_UIApplicationSceneManifest_Generation = YES;
				INFOPLIST_KEY_UIApplicationSupportsIndirectInputEvents = YES;
				INFOPLIST_KEY_UILaunchScreen_Generation = YES;
				INFOPLIST_KEY_UISupportedInterfaceOrientations = UIInterfaceOrientationPortrait;
				LD_RUNPATH_SEARCH_PATHS = (
					"$(inherited)",
					"@executable_path/Frameworks",
				);
				MARKETING_VERSION = 1.0;
				PRODUCT_BUNDLE_IDENTIFIER = "co.slv.eShop--FireBase-";
				PRODUCT_NAME = "$(TARGET_NAME)";
				SUPPORTED_PLATFORMS = "iphoneos iphonesimulator";
				SUPPORTS_MACCATALYST = NO;
				SUPPORTS_MAC_DESIGNED_FOR_IPHONE_IPAD = NO;
				SUPPORTS_XR_DESIGNED_FOR_IPHONE_IPAD = NO;
				SWIFT_EMIT_LOC_STRINGS = YES;
				SWIFT_VERSION = 5.0;
				TARGETED_DEVICE_FAMILY = "1,2";
			};
			name = Release;
		};
/* End XCBuildConfiguration section */

/* Begin XCConfigurationList section */
		271129092C73EF2800191CBC /* Build configuration list for PBXProject "eShop (FireBase)" */ = {
			isa = XCConfigurationList;
			buildConfigurations = (
				2711291A2C73EF2A00191CBC /* Debug */,
				2711291B2C73EF2A00191CBC /* Release */,
			);
			defaultConfigurationIsVisible = 0;
			defaultConfigurationName = Release;
		};
		2711291C2C73EF2A00191CBC /* Build configuration list for PBXNativeTarget "eShop (FireBase)" */ = {
			isa = XCConfigurationList;
			buildConfigurations = (
				2711291D2C73EF2A00191CBC /* Debug */,
				2711291E2C73EF2A00191CBC /* Release */,
			);
			defaultConfigurationIsVisible = 0;
			defaultConfigurationName = Release;
		};
/* End XCConfigurationList section */

/* Begin XCRemoteSwiftPackageReference section */
		271069942C76758300CE55C9 /* XCRemoteSwiftPackageReference "firebase-ios-sdk" */ = {
			isa = XCRemoteSwiftPackageReference;
			repositoryURL = "https://github.com/firebase/firebase-ios-sdk";
			requirement = {
				kind = exactVersion;
				version = 10.29.0;
			};
		};
/* End XCRemoteSwiftPackageReference section */

/* Begin XCSwiftPackageProductDependency section */
		271069A12C76758300CE55C9 /* FirebaseAuth */ = {
			isa = XCSwiftPackageProductDependency;
			package = 271069942C76758300CE55C9 /* XCRemoteSwiftPackageReference "firebase-ios-sdk" */;
			productName = FirebaseAuth;
		};
		271069A72C76758300CE55C9 /* FirebaseDatabase */ = {
			isa = XCSwiftPackageProductDependency;
			package = 271069942C76758300CE55C9 /* XCRemoteSwiftPackageReference "firebase-ios-sdk" */;
			productName = FirebaseDatabase;
		};
		271069A92C76758300CE55C9 /* FirebaseDatabaseSwift */ = {
			isa = XCSwiftPackageProductDependency;
			package = 271069942C76758300CE55C9 /* XCRemoteSwiftPackageReference "firebase-ios-sdk" */;
			productName = FirebaseDatabaseSwift;
		};
		271069AB2C76758300CE55C9 /* FirebaseDynamicLinks */ = {
			isa = XCSwiftPackageProductDependency;
			package = 271069942C76758300CE55C9 /* XCRemoteSwiftPackageReference "firebase-ios-sdk" */;
			productName = FirebaseDynamicLinks;
		};
		271069AD2C76758300CE55C9 /* FirebaseFirestore */ = {
			isa = XCSwiftPackageProductDependency;
			package = 271069942C76758300CE55C9 /* XCRemoteSwiftPackageReference "firebase-ios-sdk" */;
			productName = FirebaseFirestore;
		};
		271069B12C76758300CE55C9 /* FirebaseFirestoreSwift */ = {
			isa = XCSwiftPackageProductDependency;
			package = 271069942C76758300CE55C9 /* XCRemoteSwiftPackageReference "firebase-ios-sdk" */;
			productName = FirebaseFirestoreSwift;
		};
		271069B32C76758300CE55C9 /* FirebaseFunctions */ = {
			isa = XCSwiftPackageProductDependency;
			package = 271069942C76758300CE55C9 /* XCRemoteSwiftPackageReference "firebase-ios-sdk" */;
			productName = FirebaseFunctions;
		};
		271069C72C76758300CE55C9 /* FirebaseStorage */ = {
			isa = XCSwiftPackageProductDependency;
			package = 271069942C76758300CE55C9 /* XCRemoteSwiftPackageReference "firebase-ios-sdk" */;
			productName = FirebaseStorage;
		};
/* End XCSwiftPackageProductDependency section */
	};
	rootObject = 271129062C73EF2800191CBC /* Project object */;
}
